
Microsoft Visual Studio Solution File, Format Version 12.00
# Visual Studio Version 16
VisualStudioVersion = 16.0.30406.217
MinimumVisualStudioVersion = 10.0.40219.1
Project("{FAE04EC0-301F-11D3-BF4B-00C04F79EFBC}") = "Mastercard.Developer.OAuth1Signer.Core", "Mastercard.Developer.OAuth1Signer.Core\Mastercard.Developer.OAuth1Signer.Core.csproj", "{8ED44FED-27E2-4445-9D7A-4AA9471DF889}"
EndProject
Project("{FAE04EC0-301F-11D3-BF4B-00C04F79EFBC}") = "Mastercard.Developer.OAuth1Signer.RestSharp", "Mastercard.Developer.OAuth1Signer.RestSharp\Mastercard.Developer.OAuth1Signer.RestSharp.csproj", "{9CFA2AFE-134B-459A-B96E-8C2483D6E6F1}"
EndProject
Project("{FAE04EC0-301F-11D3-BF4B-00C04F79EFBC}") = "Mastercard.Developer.OAuth1Signer.RestSharpV2", "Mastercard.Developer.OAuth1Signer.RestSharpV2\Mastercard.Developer.OAuth1Signer.RestSharpV2.csproj", "{F6464A6E-9BA4-419C-BDFB-2B2E8FB49461}"
EndProject
Project("{FAE04EC0-301F-11D3-BF4B-00C04F79EFBC}") = "Mastercard.Developer.OAuth1Signer.Tests", "Mastercard.Developer.OAuth1Signer.Tests\Mastercard.Developer.OAuth1Signer.Tests.csproj", "{879DAE6D-71CA-4860-8253-1889597F584F}"
EndProject
Global
	GlobalSection(SolutionConfigurationPlatforms) = preSolution
		Debug|Any CPU = Debug|Any CPU
		Release|Any CPU = Release|Any CPU
	EndGlobalSection
	GlobalSection(SolutionProperties) = preSolution
		HideSolutionNode = FALSE
	EndGlobalSection
	GlobalSection(ExtensibilityGlobals) = postSolution
		SolutionGuid = {B80C941C-E5C5-4556-9C7C-EBF28D66C150}
	EndGlobalSection
	GlobalSection(ProjectConfigurationPlatforms) = postSolution
		{8ED44FED-27E2-4445-9D7A-4AA9471DF889}.Debug|Any CPU.ActiveCfg = Debug|Any CPU
		{8ED44FED-27E2-4445-9D7A-4AA9471DF889}.Debug|Any CPU.Build.0 = Debug|Any CPU
		{8ED44FED-27E2-4445-9D7A-4AA9471DF889}.Release|Any CPU.ActiveCfg = Release|Any CPU
		{8ED44FED-27E2-4445-9D7A-4AA9471DF889}.Release|Any CPU.Build.0 = Release|Any CPU
		{9CFA2AFE-134B-459A-B96E-8C2483D6E6F1}.Debug|Any CPU.ActiveCfg = Debug|Any CPU
		{9CFA2AFE-134B-459A-B96E-8C2483D6E6F1}.Debug|Any CPU.Build.0 = Debug|Any CPU
		{9CFA2AFE-134B-459A-B96E-8C2483D6E6F1}.Release|Any CPU.ActiveCfg = Release|Any CPU
		{9CFA2AFE-134B-459A-B96E-8C2483D6E6F1}.Release|Any CPU.Build.0 = Release|Any CPU
		{F6464A6E-9BA4-419C-BDFB-2B2E8FB49461}.Debug|Any CPU.ActiveCfg = Debug|Any CPU
		{F6464A6E-9BA4-419C-BDFB-2B2E8FB49461}.Debug|Any CPU.Build.0 = Debug|Any CPU
		{F6464A6E-9BA4-419C-BDFB-2B2E8FB49461}.Release|Any CPU.ActiveCfg = Release|Any CPU
		{F6464A6E-9BA4-419C-BDFB-2B2E8FB49461}.Release|Any CPU.Build.0 = Release|Any CPU
		{879DAE6D-71CA-4860-8253-1889597F584F}.Debug|Any CPU.ActiveCfg = Debug|Any CPU
		{879DAE6D-71CA-4860-8253-1889597F584F}.Debug|Any CPU.Build.0 = Debug|Any CPU
		{879DAE6D-71CA-4860-8253-1889597F584F}.Release|Any CPU.ActiveCfg = Release|Any CPU
		{879DAE6D-71CA-4860-8253-1889597F584F}.Release|Any CPU.Build.0 = Release|Any CPU
	EndGlobalSection
EndGlobal
