
Microsoft Visual Studio Solution File, Format Version 12.00
# Visual Studio Version 16
VisualStudioVersion = 16.0.30406.217
MinimumVisualStudioVersion = 10.0.40219.1
Project("{9A19103F-16F7-4668-BE54-9A1E7A4F7556}") = "Mastercard.Developer.OAuth1Signer.Core", "Mastercard.Developer.OAuth1Signer.Core\Mastercard.Developer.OAuth1Signer.Core.csproj", "{DE48B59F-51D0-401D-AFB8-9FC53E6DED37}"
EndProject
Project("{9A19103F-16F7-4668-BE54-9A1E7A4F7556}") = "Mastercard.Developer.OAuth1Signer.Tests.NetCore2", "Mastercard.Developer.OAuth1Signer.Tests\NetCore2\Mastercard.Developer.OAuth1Signer.Tests.NetCore2.csproj", "{A82F452A-3AE0-4ABF-BDD1-CE9A00AAD4C9}"
EndProject
Project("{9A19103F-16F7-4668-BE54-9A1E7A4F7556}") = "Mastercard.Developer.OAuth1Signer.RestSharp", "Mastercard.Developer.OAuth1Signer.RestSharp\Mastercard.Developer.OAuth1Signer.RestSharp.csproj", "{EF0C28D2-674A-4E1B-9A9C-A7241E50DDD7}"
EndProject
Project("{FAE04EC0-301F-11D3-BF4B-00C04F79EFBC}") = "Mastercard.Developer.OAuth1Signer.Tests.Net4x", "Mastercard.Developer.OAuth1Signer.Tests\Net4x\Mastercard.Developer.OAuth1Signer.Tests.Net4x.csproj", "{879DAE6D-71CA-4860-8253-1889597F584F}"
EndProject
Project("{9A19103F-16F7-4668-BE54-9A1E7A4F7556}") = "Mastercard.Developer.OAuth1Signer.Tests.NetCore3", "Mastercard.Developer.OAuth1Signer.Tests\NetCore3\Mastercard.Developer.OAuth1Signer.Tests.NetCore3.csproj", "{DFFF65A6-0A8F-403B-A811-C0A686B47F91}"
EndProject
Project("{2150E333-8FDC-42A3-9474-1A3956D46DE8}") = "Solution Items", "Solution Items", "{0F74CBF3-4672-4176-8DB8-60D56809CCE5}"
	ProjectSection(SolutionItems) = preProject
		LICENSE = LICENSE
		README.md = README.md
	EndProjectSection
EndProject
Project("{2150E333-8FDC-42A3-9474-1A3956D46DE8}") = "Tests", "Tests", "{01423AC1-F9A2-4742-9E15-55DC880748CD}"
EndProject
Project("{FAE04EC0-301F-11D3-BF4B-00C04F79EFBC}") = "Mastercard.Developer.OAuth1Signer.RestSharpV2", "Mastercard.Developer.OAuth1Signer.RestSharpV2\Mastercard.Developer.OAuth1Signer.RestSharpV2.csproj", "{344C0659-8994-4CA8-9792-E003A511A971}"
EndProject
Global
	GlobalSection(SolutionConfigurationPlatforms) = preSolution
		Debug|Any CPU = Debug|Any CPU
		Release|Any CPU = Release|Any CPU
	EndGlobalSection
	GlobalSection(ProjectConfigurationPlatforms) = postSolution
		{DE48B59F-51D0-401D-AFB8-9FC53E6DED37}.Debug|Any CPU.ActiveCfg = Debug|Any CPU
		{DE48B59F-51D0-401D-AFB8-9FC53E6DED37}.Debug|Any CPU.Build.0 = Debug|Any CPU
		{DE48B59F-51D0-401D-AFB8-9FC53E6DED37}.Release|Any CPU.ActiveCfg = Release|Any CPU
		{DE48B59F-51D0-401D-AFB8-9FC53E6DED37}.Release|Any CPU.Build.0 = Release|Any CPU
		{A82F452A-3AE0-4ABF-BDD1-CE9A00AAD4C9}.Debug|Any CPU.ActiveCfg = Debug|Any CPU
		{A82F452A-3AE0-4ABF-BDD1-CE9A00AAD4C9}.Debug|Any CPU.Build.0 = Debug|Any CPU
		{A82F452A-3AE0-4ABF-BDD1-CE9A00AAD4C9}.Release|Any CPU.ActiveCfg = Release|Any CPU
		{A82F452A-3AE0-4ABF-BDD1-CE9A00AAD4C9}.Release|Any CPU.Build.0 = Release|Any CPU
		{EF0C28D2-674A-4E1B-9A9C-A7241E50DDD7}.Debug|Any CPU.ActiveCfg = Debug|Any CPU
		{EF0C28D2-674A-4E1B-9A9C-A7241E50DDD7}.Debug|Any CPU.Build.0 = Debug|Any CPU
		{EF0C28D2-674A-4E1B-9A9C-A7241E50DDD7}.Release|Any CPU.ActiveCfg = Release|Any CPU
		{EF0C28D2-674A-4E1B-9A9C-A7241E50DDD7}.Release|Any CPU.Build.0 = Release|Any CPU
		{879DAE6D-71CA-4860-8253-1889597F584F}.Debug|Any CPU.ActiveCfg = Debug|Any CPU
		{879DAE6D-71CA-4860-8253-1889597F584F}.Debug|Any CPU.Build.0 = Debug|Any CPU
		{879DAE6D-71CA-4860-8253-1889597F584F}.Release|Any CPU.ActiveCfg = Release|Any CPU
		{879DAE6D-71CA-4860-8253-1889597F584F}.Release|Any CPU.Build.0 = Release|Any CPU
		{DFFF65A6-0A8F-403B-A811-C0A686B47F91}.Debug|Any CPU.ActiveCfg = Debug|Any CPU
		{DFFF65A6-0A8F-403B-A811-C0A686B47F91}.Debug|Any CPU.Build.0 = Debug|Any CPU
		{DFFF65A6-0A8F-403B-A811-C0A686B47F91}.Release|Any CPU.ActiveCfg = Release|Any CPU
		{DFFF65A6-0A8F-403B-A811-C0A686B47F91}.Release|Any CPU.Build.0 = Release|Any CPU
		{344C0659-8994-4CA8-9792-E003A511A971}.Debug|Any CPU.ActiveCfg = Debug|Any CPU
		{344C0659-8994-4CA8-9792-E003A511A971}.Debug|Any CPU.Build.0 = Debug|Any CPU
		{344C0659-8994-4CA8-9792-E003A511A971}.Release|Any CPU.ActiveCfg = Release|Any CPU
		{344C0659-8994-4CA8-9792-E003A511A971}.Release|Any CPU.Build.0 = Release|Any CPU
	EndGlobalSection
	GlobalSection(SolutionProperties) = preSolution
		HideSolutionNode = FALSE
	EndGlobalSection
	GlobalSection(NestedProjects) = preSolution
		{A82F452A-3AE0-4ABF-BDD1-CE9A00AAD4C9} = {01423AC1-F9A2-4742-9E15-55DC880748CD}
		{879DAE6D-71CA-4860-8253-1889597F584F} = {01423AC1-F9A2-4742-9E15-55DC880748CD}
		{DFFF65A6-0A8F-403B-A811-C0A686B47F91} = {01423AC1-F9A2-4742-9E15-55DC880748CD}
	EndGlobalSection
	GlobalSection(ExtensibilityGlobals) = postSolution
		SolutionGuid = {B80C941C-E5C5-4556-9C7C-EBF28D66C150}
	EndGlobalSection
EndGlobal
